Microsoft Visual Studio Solution File, Format Version 12.00
# Visual Studio Version 17
VisualStudioVersion = 17.5.002.0
MinimumVisualStudioVersion = 10.0.40219.1
Project("{2150E333-8FDC-42A3-9474-1A3956D46DE8}") = "CSharp101-Notlar", "CSharp101-Notlar", "{AAC393AE-A002-4D14-A007-17E148EB5BBD}"
EndProject
Project("{9A19103F-16F7-4668-BE54-9A1E7A4F7556}") = "ArraySinifiMeetodları", "CSharp101-Notlar\ArraySinifiMetodları\ArraySinifiMeetodları.csproj", "{92A71EC2-E3B0-46BA-A6FF-EDB3FCB92DB5}"
EndProject
Project("{9A19103F-16F7-4668-BE54-9A1E7A4F7556}") = "DateTime-MathSinirlari", "CSharp101-Notlar\DateTime_MathSiniflari\DateTime-MathSinirlari.csproj", "{F5F325F4-2452-4825-B63F-F52E99F29D58}"
EndProject
Project("{9A19103F-16F7-4668-BE54-9A1E7A4F7556}") = "Degiskenler", "CSharp101-Notlar\Degiskenler\Degiskenler.csproj", "{4C38040B-0F47-410A-B790-3723BFA473EF}"
EndProject
Project("{9A19103F-16F7-4668-BE54-9A1E7A4F7556}") = "Diziler", "CSharp101-Notlar\Diziler\Diziler.csproj", "{2AA121A0-4D00-45F7-8407-AA7FBB6B12C0}"
EndProject
Project("{9A19103F-16F7-4668-BE54-9A1E7A4F7556}") = "ForLoop-BreakContinue", "CSharp101-Notlar\ForLoop_BreakContinue\ForLoop-BreakContinue.csproj", "{3163EE86-B9D7-41F2-9BFA-37CFEA79BF58}"
EndProject
Project("{9A19103F-16F7-4668-BE54-9A1E7A4F7556}") = "If-ElseIf-Ternary-If", "CSharp101-Notlar\If_ElseIf_TernaryIf\If-ElseIf-Ternary-If.csproj", "{FE8E3B84-6487-41AA-8AD4-D794814957C2}"
EndProject
Project("{9A19103F-16F7-4668-BE54-9A1E7A4F7556}") = "Metotlar", "CSharp101-Notlar\Metotlar\Metotlar.csproj", "{66659F1D-3D8F-44FB-B7D6-497E87616AF6}"
EndProject
Project("{9A19103F-16F7-4668-BE54-9A1E7A4F7556}") = "Metot_Overloading", "CSharp101-Notlar\Metot_Overloading\Metot_Overloading.csproj", "{60E7FECA-1818-46DE-BE68-EBFC1B0FEF62}"
EndProject
Project("{9A19103F-16F7-4668-BE54-9A1E7A4F7556}") = "Odev-1", "CSharp101-Notlar\Odev_1\Odev-1.csproj", "{E464AB96-1BEA-4623-9E2C-2CFACF7542CA}"
EndProject
Project("{9A19103F-16F7-4668-BE54-9A1E7A4F7556}") = "Operatorler", "CSharp101-Notlar\Operatorler\Operatorler.csproj", "{2141125A-9AED-4F44-8919-4669274F695F}"
EndProject
Project("{9A19103F-16F7-4668-BE54-9A1E7A4F7556}") = "Rekürsif-Ve-Extension-Metotlar", "CSharp101-Notlar\Rekursif_Ve_ExtensionMetotlar\Rekürsif-Ve-Extension-Metotlar.csproj", "{B5908375-F052-4B86-8C8D-A40AEC1E03B2}"
EndProject
Project("{9A19103F-16F7-4668-BE54-9A1E7A4F7556}") = "StringMetodlar", "CSharp101-Notlar\StringMetodlar\StringMetodlar.csproj", "{381082B0-B6B4-484C-8130-53F270053EBF}"
EndProject
Project("{9A19103F-16F7-4668-BE54-9A1E7A4F7556}") = "Switch-Case", "CSharp101-Notlar\SwitchCase\Switch-Case.csproj", "{0DABEBD6-DFA3-4259-87B1-893453E2CDF7}"
EndProject
Project("{9A19103F-16F7-4668-BE54-9A1E7A4F7556}") = "TipDonusumleri", "CSharp101-Notlar\TipDonusumleri\TipDonusumleri.csproj", "{8FDD5B21-AD7B-4263-B4CE-086CE08141EC}"
EndProject
Project("{9A19103F-16F7-4668-BE54-9A1E7A4F7556}") = "HataYonetimi", "CSharp101-Notlar\TryCatchFinally_Ve_Mantiksal Hatalar\HataYonetimi.csproj", "{5CB176C5-F043-4F8D-B5AC-7986AA6980CB}"
EndProject
Project("{9A19103F-16F7-4668-BE54-9A1E7A4F7556}") = "While-Foreach", "CSharp101-Notlar\While_Foreach\While-Foreach.csproj", "{173B5A00-350D-4292-8517-CB9B9A851A34}"
EndProject
Global
	GlobalSection(SolutionConfigurationPlatforms) = preSolution
		Debug|Any CPU = Debug|Any CPU
		Release|Any CPU = Release|Any CPU
	EndGlobalSection
	GlobalSection(ProjectConfigurationPlatforms) = postSolution
		{92A71EC2-E3B0-46BA-A6FF-EDB3FCB92DB5}.Debug|Any CPU.ActiveCfg = Debug|Any CPU
		{92A71EC2-E3B0-46BA-A6FF-EDB3FCB92DB5}.Debug|Any CPU.Build.0 = Debug|Any CPU
		{92A71EC2-E3B0-46BA-A6FF-EDB3FCB92DB5}.Release|Any CPU.ActiveCfg = Release|Any CPU
		{92A71EC2-E3B0-46BA-A6FF-EDB3FCB92DB5}.Release|Any CPU.Build.0 = Release|Any CPU
		{F5F325F4-2452-4825-B63F-F52E99F29D58}.Debug|Any CPU.ActiveCfg = Debug|Any CPU
		{F5F325F4-2452-4825-B63F-F52E99F29D58}.Debug|Any CPU.Build.0 = Debug|Any CPU
		{F5F325F4-2452-4825-B63F-F52E99F29D58}.Release|Any CPU.ActiveCfg = Release|Any CPU
		{F5F325F4-2452-4825-B63F-F52E99F29D58}.Release|Any CPU.Build.0 = Release|Any CPU
		{4C38040B-0F47-410A-B790-3723BFA473EF}.Debug|Any CPU.ActiveCfg = Debug|Any CPU
		{4C38040B-0F47-410A-B790-3723BFA473EF}.Debug|Any CPU.Build.0 = Debug|Any CPU
		{4C38040B-0F47-410A-B790-3723BFA473EF}.Release|Any CPU.ActiveCfg = Release|Any CPU
		{4C38040B-0F47-410A-B790-3723BFA473EF}.Release|Any CPU.Build.0 = Release|Any CPU
		{2AA121A0-4D00-45F7-8407-AA7FBB6B12C0}.Debug|Any CPU.ActiveCfg = Debug|Any CPU
		{2AA121A0-4D00-45F7-8407-AA7FBB6B12C0}.Debug|Any CPU.Build.0 = Debug|Any CPU
		{2AA121A0-4D00-45F7-8407-AA7FBB6B12C0}.Release|Any CPU.ActiveCfg = Release|Any CPU
		{2AA121A0-4D00-45F7-8407-AA7FBB6B12C0}.Release|Any CPU.Build.0 = Release|Any CPU
		{3163EE86-B9D7-41F2-9BFA-37CFEA79BF58}.Debug|Any CPU.ActiveCfg = Debug|Any CPU
		{3163EE86-B9D7-41F2-9BFA-37CFEA79BF58}.Debug|Any CPU.Build.0 = Debug|Any CPU
		{3163EE86-B9D7-41F2-9BFA-37CFEA79BF58}.Release|Any CPU.ActiveCfg = Release|Any CPU
		{3163EE86-B9D7-41F2-9BFA-37CFEA79BF58}.Release|Any CPU.Build.0 = Release|Any CPU
		{FE8E3B84-6487-41AA-8AD4-D794814957C2}.Debug|Any CPU.ActiveCfg = Debug|Any CPU
		{FE8E3B84-6487-41AA-8AD4-D794814957C2}.Debug|Any CPU.Build.0 = Debug|Any CPU
		{FE8E3B84-6487-41AA-8AD4-D794814957C2}.Release|Any CPU.ActiveCfg = Release|Any CPU
		{FE8E3B84-6487-41AA-8AD4-D794814957C2}.Release|Any CPU.Build.0 = Release|Any CPU
		{66659F1D-3D8F-44FB-B7D6-497E87616AF6}.Debug|Any CPU.ActiveCfg = Debug|Any CPU
		{66659F1D-3D8F-44FB-B7D6-497E87616AF6}.Debug|Any CPU.Build.0 = Debug|Any CPU
		{66659F1D-3D8F-44FB-B7D6-497E87616AF6}.Release|Any CPU.ActiveCfg = Release|Any CPU
		{66659F1D-3D8F-44FB-B7D6-497E87616AF6}.Release|Any CPU.Build.0 = Release|Any CPU
		{60E7FECA-1818-46DE-BE68-EBFC1B0FEF62}.Debug|Any CPU.ActiveCfg = Debug|Any CPU
		{60E7FECA-1818-46DE-BE68-EBFC1B0FEF62}.Debug|Any CPU.Build.0 = Debug|Any CPU
		{60E7FECA-1818-46DE-BE68-EBFC1B0FEF62}.Release|Any CPU.ActiveCfg = Release|Any CPU
		{60E7FECA-1818-46DE-BE68-EBFC1B0FEF62}.Release|Any CPU.Build.0 = Release|Any CPU
		{E464AB96-1BEA-4623-9E2C-2CFACF7542CA}.Debug|Any CPU.ActiveCfg = Debug|Any CPU
		{E464AB96-1BEA-4623-9E2C-2CFACF7542CA}.Debug|Any CPU.Build.0 = Debug|Any CPU
		{E464AB96-1BEA-4623-9E2C-2CFACF7542CA}.Release|Any CPU.ActiveCfg = Release|Any CPU
		{E464AB96-1BEA-4623-9E2C-2CFACF7542CA}.Release|Any CPU.Build.0 = Release|Any CPU
		{2141125A-9AED-4F44-8919-4669274F695F}.Debug|Any CPU.ActiveCfg = Debug|Any CPU
		{2141125A-9AED-4F44-8919-4669274F695F}.Debug|Any CPU.Build.0 = Debug|Any CPU
		{2141125A-9AED-4F44-8919-4669274F695F}.Release|Any CPU.ActiveCfg = Release|Any CPU
		{2141125A-9AED-4F44-8919-4669274F695F}.Release|Any CPU.Build.0 = Release|Any CPU
		{B5908375-F052-4B86-8C8D-A40AEC1E03B2}.Debug|Any CPU.ActiveCfg = Debug|Any CPU
		{B5908375-F052-4B86-8C8D-A40AEC1E03B2}.Debug|Any CPU.Build.0 = Debug|Any CPU
		{B5908375-F052-4B86-8C8D-A40AEC1E03B2}.Release|Any CPU.ActiveCfg = Release|Any CPU
		{B5908375-F052-4B86-8C8D-A40AEC1E03B2}.Release|Any CPU.Build.0 = Release|Any CPU
		{381082B0-B6B4-484C-8130-53F270053EBF}.Debug|Any CPU.ActiveCfg = Debug|Any CPU
		{381082B0-B6B4-484C-8130-53F270053EBF}.Debug|Any CPU.Build.0 = Debug|Any CPU
		{381082B0-B6B4-484C-8130-53F270053EBF}.Release|Any CPU.ActiveCfg = Release|Any CPU
		{381082B0-B6B4-484C-8130-53F270053EBF}.Release|Any CPU.Build.0 = Release|Any CPU
		{0DABEBD6-DFA3-4259-87B1-893453E2CDF7}.Debug|Any CPU.ActiveCfg = Debug|Any CPU
		{0DABEBD6-DFA3-4259-87B1-893453E2CDF7}.Debug|Any CPU.Build.0 = Debug|Any CPU
		{0DABEBD6-DFA3-4259-87B1-893453E2CDF7}.Release|Any CPU.ActiveCfg = Release|Any CPU
		{0DABEBD6-DFA3-4259-87B1-893453E2CDF7}.Release|Any CPU.Build.0 = Release|Any CPU
		{8FDD5B21-AD7B-4263-B4CE-086CE08141EC}.Debug|Any CPU.ActiveCfg = Debug|Any CPU
		{8FDD5B21-AD7B-4263-B4CE-086CE08141EC}.Debug|Any CPU.Build.0 = Debug|Any CPU
		{8FDD5B21-AD7B-4263-B4CE-086CE08141EC}.Release|Any CPU.ActiveCfg = Release|Any CPU
		{8FDD5B21-AD7B-4263-B4CE-086CE08141EC}.Release|Any CPU.Build.0 = Release|Any CPU
		{5CB176C5-F043-4F8D-B5AC-7986AA6980CB}.Debug|Any CPU.ActiveCfg = Debug|Any CPU
		{5CB176C5-F043-4F8D-B5AC-7986AA6980CB}.Debug|Any CPU.Build.0 = Debug|Any CPU
		{5CB176C5-F043-4F8D-B5AC-7986AA6980CB}.Release|Any CPU.ActiveCfg = Release|Any CPU
		{5CB176C5-F043-4F8D-B5AC-7986AA6980CB}.Release|Any CPU.Build.0 = Release|Any CPU
		{173B5A00-350D-4292-8517-CB9B9A851A34}.Debug|Any CPU.ActiveCfg = Debug|Any CPU
		{173B5A00-350D-4292-8517-CB9B9A851A34}.Debug|Any CPU.Build.0 = Debug|Any CPU
		{173B5A00-350D-4292-8517-CB9B9A851A34}.Release|Any CPU.ActiveCfg = Release|Any CPU
		{173B5A00-350D-4292-8517-CB9B9A851A34}.Release|Any CPU.Build.0 = Release|Any CPU
	EndGlobalSection
	GlobalSection(SolutionProperties) = preSolution
		HideSolutionNode = FALSE
	EndGlobalSection
	GlobalSection(NestedProjects) = preSolution
		{92A71EC2-E3B0-46BA-A6FF-EDB3FCB92DB5} = {AAC393AE-A002-4D14-A007-17E148EB5BBD}
		{F5F325F4-2452-4825-B63F-F52E99F29D58} = {AAC393AE-A002-4D14-A007-17E148EB5BBD}
		{4C38040B-0F47-410A-B790-3723BFA473EF} = {AAC393AE-A002-4D14-A007-17E148EB5BBD}
		{2AA121A0-4D00-45F7-8407-AA7FBB6B12C0} = {AAC393AE-A002-4D14-A007-17E148EB5BBD}
		{3163EE86-B9D7-41F2-9BFA-37CFEA79BF58} = {AAC393AE-A002-4D14-A007-17E148EB5BBD}
		{FE8E3B84-6487-41AA-8AD4-D794814957C2} = {AAC393AE-A002-4D14-A007-17E148EB5BBD}
		{66659F1D-3D8F-44FB-B7D6-497E87616AF6} = {AAC393AE-A002-4D14-A007-17E148EB5BBD}
		{60E7FECA-1818-46DE-BE68-EBFC1B0FEF62} = {AAC393AE-A002-4D14-A007-17E148EB5BBD}
		{E464AB96-1BEA-4623-9E2C-2CFACF7542CA} = {AAC393AE-A002-4D14-A007-17E148EB5BBD}
		{2141125A-9AED-4F44-8919-4669274F695F} = {AAC393AE-A002-4D14-A007-17E148EB5BBD}
		{B5908375-F052-4B86-8C8D-A40AEC1E03B2} = {AAC393AE-A002-4D14-A007-17E148EB5BBD}
		{381082B0-B6B4-484C-8130-53F270053EBF} = {AAC393AE-A002-4D14-A007-17E148EB5BBD}
		{0DABEBD6-DFA3-4259-87B1-893453E2CDF7} = {AAC393AE-A002-4D14-A007-17E148EB5BBD}
		{8FDD5B21-AD7B-4263-B4CE-086CE08141EC} = {AAC393AE-A002-4D14-A007-17E148EB5BBD}
		{5CB176C5-F043-4F8D-B5AC-7986AA6980CB} = {AAC393AE-A002-4D14-A007-17E148EB5BBD}
		{173B5A00-350D-4292-8517-CB9B9A851A34} = {AAC393AE-A002-4D14-A007-17E148EB5BBD}
	EndGlobalSection
	GlobalSection(ExtensibilityGlobals) = postSolution
		SolutionGuid = {9870737F-941A-451C-A154-43884B09A772}
	EndGlobalSection
EndGlobal
