
Microsoft Visual Studio Solution File, Format Version 12.00
# Visual Studio Version 17
VisualStudioVersion = 17.5.002.0
MinimumVisualStudioVersion = 10.0.40219.1
Project("{9A19103F-16F7-4668-BE54-9A1E7A4F7556}") = "Degiskenler", "Degiskenler\Degiskenler.csproj", "{BE07787E-418C-4787-9E29-8BEC0F43233D}"
EndProject
Project("{9A19103F-16F7-4668-BE54-9A1E7A4F7556}") = "Operatorler", "Operatorler\Operatorler.csproj", "{BBD5FFDA-297F-4883-B613-06911673D9D7}"
EndProject
Global
	GlobalSection(SolutionConfigurationPlatforms) = preSolution
		Debug|Any CPU = Debug|Any CPU
		Release|Any CPU = Release|Any CPU
	EndGlobalSection
	GlobalSection(ProjectConfigurationPlatforms) = postSolution
		{BE07787E-418C-4787-9E29-8BEC0F43233D}.Debug|Any CPU.ActiveCfg = Debug|Any CPU
		{BE07787E-418C-4787-9E29-8BEC0F43233D}.Debug|Any CPU.Build.0 = Debug|Any CPU
		{BE07787E-418C-4787-9E29-8BEC0F43233D}.Release|Any CPU.ActiveCfg = Release|Any CPU
		{BE07787E-418C-4787-9E29-8BEC0F43233D}.Release|Any CPU.Build.0 = Release|Any CPU
		{BBD5FFDA-297F-4883-B613-06911673D9D7}.Debug|Any CPU.ActiveCfg = Debug|Any CPU
		{BBD5FFDA-297F-4883-B613-06911673D9D7}.Debug|Any CPU.Build.0 = Debug|Any CPU
		{BBD5FFDA-297F-4883-B613-06911673D9D7}.Release|Any CPU.ActiveCfg = Release|Any CPU
		{BBD5FFDA-297F-4883-B613-06911673D9D7}.Release|Any CPU.Build.0 = Release|Any CPU
	EndGlobalSection
	GlobalSection(SolutionProperties) = preSolution
		HideSolutionNode = FALSE
	EndGlobalSection
	GlobalSection(ExtensibilityGlobals) = postSolution
		SolutionGuid = {1B05287F-4021-4A86-B0B5-459569EC3460}
	EndGlobalSection
EndGlobal
