
Microsoft Visual Studio Solution File, Format Version 12.00
# Visual Studio Version 17
VisualStudioVersion = 17.5.002.0
MinimumVisualStudioVersion = 10.0.40219.1
Project("{2150E333-8FDC-42A3-9474-1A3956D46DE8}") = "C-Sharp101-Notlar", "C-Sharp101-Notlar", "{FD518A28-4A60-42FF-9BC8-6606DE471072}"
EndProject
Project("{9A19103F-16F7-4668-BE54-9A1E7A4F7556}") = "Degiskenler", "C-Sharp101-Notlar\Degiskenler\Degiskenler.csproj", "{E1D405EA-ACBF-488B-A4CF-FC5D6FAE3B63}"
EndProject
Project("{9A19103F-16F7-4668-BE54-9A1E7A4F7556}") = "Diziler", "C-Sharp101-Notlar\Diziler\Diziler.csproj", "{3AC1CB4E-66C8-4FD6-A400-6D665E7FB275}"
EndProject
Project("{9A19103F-16F7-4668-BE54-9A1E7A4F7556}") = "ForLoop-BreakContinue", "C-Sharp101-Notlar\ForLoop-BreakContinue\ForLoop-BreakContinue.csproj", "{486DEA70-03CF-4746-99B1-AC55317FD1EF}"
EndProject
Project("{9A19103F-16F7-4668-BE54-9A1E7A4F7556}") = "If-ElseIf-Ternary-If", "C-Sharp101-Notlar\If-ElseIf-Ternary-If\If-ElseIf-Ternary-If.csproj", "{E9E2AD03-6183-441E-BB10-A10D75D08887}"
EndProject
Project("{9A19103F-16F7-4668-BE54-9A1E7A4F7556}") = "Operatorler", "C-Sharp101-Notlar\Operatorler\Operatorler.csproj", "{DE75BBFE-2216-4978-AD40-B0E5B835F735}"
EndProject
Project("{9A19103F-16F7-4668-BE54-9A1E7A4F7556}") = "Switch-Case", "C-Sharp101-Notlar\Switch-Case\Switch-Case.csproj", "{58FAFA07-D39F-4008-AB3C-81E533012F79}"
EndProject
Project("{9A19103F-16F7-4668-BE54-9A1E7A4F7556}") = "tipDonusumleri", "C-Sharp101-Notlar\tipDonusumleri\tipDonusumleri.csproj", "{F07A438A-0336-4EF4-B204-15CFF20583A7}"
EndProject
Project("{9A19103F-16F7-4668-BE54-9A1E7A4F7556}") = "HataYonetimi", "C-Sharp101-Notlar\Try Catch Finally ve Mantıksal Hatalar\HataYonetimi.csproj", "{B0B17C74-06E1-4E4F-BADC-09938083B4FC}"
EndProject
Project("{9A19103F-16F7-4668-BE54-9A1E7A4F7556}") = "While-Foreach", "C-Sharp101-Notlar\While-Foreach\While-Foreach.csproj", "{05FB99E3-2F5D-4CEB-B522-64A4DA99B172}"
EndProject
Global
	GlobalSection(SolutionConfigurationPlatforms) = preSolution
		Debug|Any CPU = Debug|Any CPU
		Release|Any CPU = Release|Any CPU
	EndGlobalSection
	GlobalSection(ProjectConfigurationPlatforms) = postSolution
		{E1D405EA-ACBF-488B-A4CF-FC5D6FAE3B63}.Debug|Any CPU.ActiveCfg = Debug|Any CPU
		{E1D405EA-ACBF-488B-A4CF-FC5D6FAE3B63}.Debug|Any CPU.Build.0 = Debug|Any CPU
		{E1D405EA-ACBF-488B-A4CF-FC5D6FAE3B63}.Release|Any CPU.ActiveCfg = Release|Any CPU
		{E1D405EA-ACBF-488B-A4CF-FC5D6FAE3B63}.Release|Any CPU.Build.0 = Release|Any CPU
		{3AC1CB4E-66C8-4FD6-A400-6D665E7FB275}.Debug|Any CPU.ActiveCfg = Debug|Any CPU
		{3AC1CB4E-66C8-4FD6-A400-6D665E7FB275}.Debug|Any CPU.Build.0 = Debug|Any CPU
		{3AC1CB4E-66C8-4FD6-A400-6D665E7FB275}.Release|Any CPU.ActiveCfg = Release|Any CPU
		{3AC1CB4E-66C8-4FD6-A400-6D665E7FB275}.Release|Any CPU.Build.0 = Release|Any CPU
		{486DEA70-03CF-4746-99B1-AC55317FD1EF}.Debug|Any CPU.ActiveCfg = Debug|Any CPU
		{486DEA70-03CF-4746-99B1-AC55317FD1EF}.Debug|Any CPU.Build.0 = Debug|Any CPU
		{486DEA70-03CF-4746-99B1-AC55317FD1EF}.Release|Any CPU.ActiveCfg = Release|Any CPU
		{486DEA70-03CF-4746-99B1-AC55317FD1EF}.Release|Any CPU.Build.0 = Release|Any CPU
		{E9E2AD03-6183-441E-BB10-A10D75D08887}.Debug|Any CPU.ActiveCfg = Debug|Any CPU
		{E9E2AD03-6183-441E-BB10-A10D75D08887}.Debug|Any CPU.Build.0 = Debug|Any CPU
		{E9E2AD03-6183-441E-BB10-A10D75D08887}.Release|Any CPU.ActiveCfg = Release|Any CPU
		{E9E2AD03-6183-441E-BB10-A10D75D08887}.Release|Any CPU.Build.0 = Release|Any CPU
		{DE75BBFE-2216-4978-AD40-B0E5B835F735}.Debug|Any CPU.ActiveCfg = Debug|Any CPU
		{DE75BBFE-2216-4978-AD40-B0E5B835F735}.Debug|Any CPU.Build.0 = Debug|Any CPU
		{DE75BBFE-2216-4978-AD40-B0E5B835F735}.Release|Any CPU.ActiveCfg = Release|Any CPU
		{DE75BBFE-2216-4978-AD40-B0E5B835F735}.Release|Any CPU.Build.0 = Release|Any CPU
		{58FAFA07-D39F-4008-AB3C-81E533012F79}.Debug|Any CPU.ActiveCfg = Debug|Any CPU
		{58FAFA07-D39F-4008-AB3C-81E533012F79}.Debug|Any CPU.Build.0 = Debug|Any CPU
		{58FAFA07-D39F-4008-AB3C-81E533012F79}.Release|Any CPU.ActiveCfg = Release|Any CPU
		{58FAFA07-D39F-4008-AB3C-81E533012F79}.Release|Any CPU.Build.0 = Release|Any CPU
		{F07A438A-0336-4EF4-B204-15CFF20583A7}.Debug|Any CPU.ActiveCfg = Debug|Any CPU
		{F07A438A-0336-4EF4-B204-15CFF20583A7}.Debug|Any CPU.Build.0 = Debug|Any CPU
		{F07A438A-0336-4EF4-B204-15CFF20583A7}.Release|Any CPU.ActiveCfg = Release|Any CPU
		{F07A438A-0336-4EF4-B204-15CFF20583A7}.Release|Any CPU.Build.0 = Release|Any CPU
		{B0B17C74-06E1-4E4F-BADC-09938083B4FC}.Debug|Any CPU.ActiveCfg = Debug|Any CPU
		{B0B17C74-06E1-4E4F-BADC-09938083B4FC}.Debug|Any CPU.Build.0 = Debug|Any CPU
		{B0B17C74-06E1-4E4F-BADC-09938083B4FC}.Release|Any CPU.ActiveCfg = Release|Any CPU
		{B0B17C74-06E1-4E4F-BADC-09938083B4FC}.Release|Any CPU.Build.0 = Release|Any CPU
		{05FB99E3-2F5D-4CEB-B522-64A4DA99B172}.Debug|Any CPU.ActiveCfg = Debug|Any CPU
		{05FB99E3-2F5D-4CEB-B522-64A4DA99B172}.Debug|Any CPU.Build.0 = Debug|Any CPU
		{05FB99E3-2F5D-4CEB-B522-64A4DA99B172}.Release|Any CPU.ActiveCfg = Release|Any CPU
		{05FB99E3-2F5D-4CEB-B522-64A4DA99B172}.Release|Any CPU.Build.0 = Release|Any CPU
	EndGlobalSection
	GlobalSection(SolutionProperties) = preSolution
		HideSolutionNode = FALSE
	EndGlobalSection
	GlobalSection(NestedProjects) = preSolution
		{E1D405EA-ACBF-488B-A4CF-FC5D6FAE3B63} = {FD518A28-4A60-42FF-9BC8-6606DE471072}
		{3AC1CB4E-66C8-4FD6-A400-6D665E7FB275} = {FD518A28-4A60-42FF-9BC8-6606DE471072}
		{486DEA70-03CF-4746-99B1-AC55317FD1EF} = {FD518A28-4A60-42FF-9BC8-6606DE471072}
		{E9E2AD03-6183-441E-BB10-A10D75D08887} = {FD518A28-4A60-42FF-9BC8-6606DE471072}
		{DE75BBFE-2216-4978-AD40-B0E5B835F735} = {FD518A28-4A60-42FF-9BC8-6606DE471072}
		{58FAFA07-D39F-4008-AB3C-81E533012F79} = {FD518A28-4A60-42FF-9BC8-6606DE471072}
		{F07A438A-0336-4EF4-B204-15CFF20583A7} = {FD518A28-4A60-42FF-9BC8-6606DE471072}
		{B0B17C74-06E1-4E4F-BADC-09938083B4FC} = {FD518A28-4A60-42FF-9BC8-6606DE471072}
		{05FB99E3-2F5D-4CEB-B522-64A4DA99B172} = {FD518A28-4A60-42FF-9BC8-6606DE471072}
	EndGlobalSection
	GlobalSection(ExtensibilityGlobals) = postSolution
		SolutionGuid = {9870737F-941A-451C-A154-43884B09A772}
	EndGlobalSection
EndGlobal
