
Microsoft Visual Studio Solution File, Format Version 12.00
# Visual Studio Version 17
VisualStudioVersion = 17.5.002.0
MinimumVisualStudioVersion = 10.0.40219.1
Project("{2150E333-8FDC-42A3-9474-1A3956D46DE8}") = "C-Sharp101-Notlar", "C-Sharp101-Notlar", "{26841FA8-250C-45D7-A2D9-54390772D2F5}"
EndProject
Project("{9A19103F-16F7-4668-BE54-9A1E7A4F7556}") = "ArraySinifiMeetodları", "C-Sharp101-Notlar\ArraySinifiMeetodları\ArraySinifiMeetodları.csproj", "{953DFCC4-6AE5-464A-B562-96FE88801C3E}"
EndProject
Project("{9A19103F-16F7-4668-BE54-9A1E7A4F7556}") = "DateTime-MathSinirlari", "C-Sharp101-Notlar\DateTime-MathSinirlari\DateTime-MathSinirlari.csproj", "{A054C4DD-AD42-4EC3-941F-BE20BFE2A163}"
EndProject
Project("{9A19103F-16F7-4668-BE54-9A1E7A4F7556}") = "Degiskenler", "C-Sharp101-Notlar\Degiskenler\Degiskenler.csproj", "{EEAE02CD-F9E1-4846-B022-DB7F5F59D57E}"
EndProject
Project("{9A19103F-16F7-4668-BE54-9A1E7A4F7556}") = "Diziler", "C-Sharp101-Notlar\Diziler\Diziler.csproj", "{C0F36439-83F1-4678-BE50-B1A0C120D7DE}"
EndProject
Project("{9A19103F-16F7-4668-BE54-9A1E7A4F7556}") = "ForLoop-BreakContinue", "C-Sharp101-Notlar\ForLoop-BreakContinue\ForLoop-BreakContinue.csproj", "{A7110D0E-5F50-4214-9926-BA718EC9A6E7}"
EndProject
Project("{9A19103F-16F7-4668-BE54-9A1E7A4F7556}") = "If-ElseIf-Ternary-If", "C-Sharp101-Notlar\If-ElseIf-Ternary-If\If-ElseIf-Ternary-If.csproj", "{1C071255-C64F-4101-BF2A-0A662F90B603}"
EndProject
Project("{9A19103F-16F7-4668-BE54-9A1E7A4F7556}") = "Metotlar", "C-Sharp101-Notlar\Metotlar\Metotlar.csproj", "{A6776C3F-729D-4CE7-B9A1-208A5580A65E}"
EndProject
Project("{9A19103F-16F7-4668-BE54-9A1E7A4F7556}") = "Metot_Overloading", "C-Sharp101-Notlar\Metot_Overloading\Metot_Overloading.csproj", "{2B92DAB5-44CB-4650-AADB-A3D2D41D8E03}"
EndProject
Project("{9A19103F-16F7-4668-BE54-9A1E7A4F7556}") = "Odev-1", "C-Sharp101-Notlar\Odev-1\Odev-1.csproj", "{57612FCF-193A-4F19-9CF1-A465C15A609C}"
EndProject
Project("{9A19103F-16F7-4668-BE54-9A1E7A4F7556}") = "Operatorler", "C-Sharp101-Notlar\Operatorler\Operatorler.csproj", "{5CF76057-D8A7-4217-A053-4BEFB392C5B7}"
EndProject
Project("{9A19103F-16F7-4668-BE54-9A1E7A4F7556}") = "Rekürsif-Ve-Extension-Metotlar", "C-Sharp101-Notlar\Rekürsif-Ve-Extension-Metotlar\Rekürsif-Ve-Extension-Metotlar.csproj", "{88E79217-4A95-4877-BA29-AF8F399221E3}"
EndProject
Project("{9A19103F-16F7-4668-BE54-9A1E7A4F7556}") = "StringMetodlar", "C-Sharp101-Notlar\StringMetodlar\StringMetodlar.csproj", "{03865037-7362-462E-B23A-363BD727BD0B}"
EndProject
Project("{9A19103F-16F7-4668-BE54-9A1E7A4F7556}") = "Switch-Case", "C-Sharp101-Notlar\Switch-Case\Switch-Case.csproj", "{5C6F30DD-9231-4B0A-A4A2-99F649212F58}"
EndProject
Project("{9A19103F-16F7-4668-BE54-9A1E7A4F7556}") = "tipDonusumleri", "C-Sharp101-Notlar\tipDonusumleri\tipDonusumleri.csproj", "{2EB8ED96-1691-4A83-8DD5-953284F19E5D}"
EndProject
Project("{9A19103F-16F7-4668-BE54-9A1E7A4F7556}") = "HataYonetimi", "C-Sharp101-Notlar\Try Catch Finally ve Mantıksal Hatalar\HataYonetimi.csproj", "{8094F4C0-1723-4F30-90D0-92648A1B5A16}"
EndProject
Project("{9A19103F-16F7-4668-BE54-9A1E7A4F7556}") = "While-Foreach", "C-Sharp101-Notlar\While-Foreach\While-Foreach.csproj", "{9A6865C8-37B4-4B37-BBFD-D9057ECF437F}"
EndProject
Project("{9A19103F-16F7-4668-BE54-9A1E7A4F7556}") = "Ödev2", "C-Sharp101-Notlar\Ödev2\Ödev2.csproj", "{82FAEB5C-CBB7-4F6B-922E-0822722AA66E}"
EndProject
Global
	GlobalSection(SolutionConfigurationPlatforms) = preSolution
		Debug|Any CPU = Debug|Any CPU
		Release|Any CPU = Release|Any CPU
	EndGlobalSection
	GlobalSection(ProjectConfigurationPlatforms) = postSolution
		{953DFCC4-6AE5-464A-B562-96FE88801C3E}.Debug|Any CPU.ActiveCfg = Debug|Any CPU
		{953DFCC4-6AE5-464A-B562-96FE88801C3E}.Debug|Any CPU.Build.0 = Debug|Any CPU
		{953DFCC4-6AE5-464A-B562-96FE88801C3E}.Release|Any CPU.ActiveCfg = Release|Any CPU
		{953DFCC4-6AE5-464A-B562-96FE88801C3E}.Release|Any CPU.Build.0 = Release|Any CPU
		{A054C4DD-AD42-4EC3-941F-BE20BFE2A163}.Debug|Any CPU.ActiveCfg = Debug|Any CPU
		{A054C4DD-AD42-4EC3-941F-BE20BFE2A163}.Debug|Any CPU.Build.0 = Debug|Any CPU
		{A054C4DD-AD42-4EC3-941F-BE20BFE2A163}.Release|Any CPU.ActiveCfg = Release|Any CPU
		{A054C4DD-AD42-4EC3-941F-BE20BFE2A163}.Release|Any CPU.Build.0 = Release|Any CPU
		{EEAE02CD-F9E1-4846-B022-DB7F5F59D57E}.Debug|Any CPU.ActiveCfg = Debug|Any CPU
		{EEAE02CD-F9E1-4846-B022-DB7F5F59D57E}.Debug|Any CPU.Build.0 = Debug|Any CPU
		{EEAE02CD-F9E1-4846-B022-DB7F5F59D57E}.Release|Any CPU.ActiveCfg = Release|Any CPU
		{EEAE02CD-F9E1-4846-B022-DB7F5F59D57E}.Release|Any CPU.Build.0 = Release|Any CPU
		{C0F36439-83F1-4678-BE50-B1A0C120D7DE}.Debug|Any CPU.ActiveCfg = Debug|Any CPU
		{C0F36439-83F1-4678-BE50-B1A0C120D7DE}.Debug|Any CPU.Build.0 = Debug|Any CPU
		{C0F36439-83F1-4678-BE50-B1A0C120D7DE}.Release|Any CPU.ActiveCfg = Release|Any CPU
		{C0F36439-83F1-4678-BE50-B1A0C120D7DE}.Release|Any CPU.Build.0 = Release|Any CPU
		{A7110D0E-5F50-4214-9926-BA718EC9A6E7}.Debug|Any CPU.ActiveCfg = Debug|Any CPU
		{A7110D0E-5F50-4214-9926-BA718EC9A6E7}.Debug|Any CPU.Build.0 = Debug|Any CPU
		{A7110D0E-5F50-4214-9926-BA718EC9A6E7}.Release|Any CPU.ActiveCfg = Release|Any CPU
		{A7110D0E-5F50-4214-9926-BA718EC9A6E7}.Release|Any CPU.Build.0 = Release|Any CPU
		{1C071255-C64F-4101-BF2A-0A662F90B603}.Debug|Any CPU.ActiveCfg = Debug|Any CPU
		{1C071255-C64F-4101-BF2A-0A662F90B603}.Debug|Any CPU.Build.0 = Debug|Any CPU
		{1C071255-C64F-4101-BF2A-0A662F90B603}.Release|Any CPU.ActiveCfg = Release|Any CPU
		{1C071255-C64F-4101-BF2A-0A662F90B603}.Release|Any CPU.Build.0 = Release|Any CPU
		{A6776C3F-729D-4CE7-B9A1-208A5580A65E}.Debug|Any CPU.ActiveCfg = Debug|Any CPU
		{A6776C3F-729D-4CE7-B9A1-208A5580A65E}.Debug|Any CPU.Build.0 = Debug|Any CPU
		{A6776C3F-729D-4CE7-B9A1-208A5580A65E}.Release|Any CPU.ActiveCfg = Release|Any CPU
		{A6776C3F-729D-4CE7-B9A1-208A5580A65E}.Release|Any CPU.Build.0 = Release|Any CPU
		{2B92DAB5-44CB-4650-AADB-A3D2D41D8E03}.Debug|Any CPU.ActiveCfg = Debug|Any CPU
		{2B92DAB5-44CB-4650-AADB-A3D2D41D8E03}.Debug|Any CPU.Build.0 = Debug|Any CPU
		{2B92DAB5-44CB-4650-AADB-A3D2D41D8E03}.Release|Any CPU.ActiveCfg = Release|Any CPU
		{2B92DAB5-44CB-4650-AADB-A3D2D41D8E03}.Release|Any CPU.Build.0 = Release|Any CPU
		{57612FCF-193A-4F19-9CF1-A465C15A609C}.Debug|Any CPU.ActiveCfg = Debug|Any CPU
		{57612FCF-193A-4F19-9CF1-A465C15A609C}.Debug|Any CPU.Build.0 = Debug|Any CPU
		{57612FCF-193A-4F19-9CF1-A465C15A609C}.Release|Any CPU.ActiveCfg = Release|Any CPU
		{57612FCF-193A-4F19-9CF1-A465C15A609C}.Release|Any CPU.Build.0 = Release|Any CPU
		{5CF76057-D8A7-4217-A053-4BEFB392C5B7}.Debug|Any CPU.ActiveCfg = Debug|Any CPU
		{5CF76057-D8A7-4217-A053-4BEFB392C5B7}.Debug|Any CPU.Build.0 = Debug|Any CPU
		{5CF76057-D8A7-4217-A053-4BEFB392C5B7}.Release|Any CPU.ActiveCfg = Release|Any CPU
		{5CF76057-D8A7-4217-A053-4BEFB392C5B7}.Release|Any CPU.Build.0 = Release|Any CPU
		{88E79217-4A95-4877-BA29-AF8F399221E3}.Debug|Any CPU.ActiveCfg = Debug|Any CPU
		{88E79217-4A95-4877-BA29-AF8F399221E3}.Debug|Any CPU.Build.0 = Debug|Any CPU
		{88E79217-4A95-4877-BA29-AF8F399221E3}.Release|Any CPU.ActiveCfg = Release|Any CPU
		{88E79217-4A95-4877-BA29-AF8F399221E3}.Release|Any CPU.Build.0 = Release|Any CPU
		{03865037-7362-462E-B23A-363BD727BD0B}.Debug|Any CPU.ActiveCfg = Debug|Any CPU
		{03865037-7362-462E-B23A-363BD727BD0B}.Debug|Any CPU.Build.0 = Debug|Any CPU
		{03865037-7362-462E-B23A-363BD727BD0B}.Release|Any CPU.ActiveCfg = Release|Any CPU
		{03865037-7362-462E-B23A-363BD727BD0B}.Release|Any CPU.Build.0 = Release|Any CPU
		{5C6F30DD-9231-4B0A-A4A2-99F649212F58}.Debug|Any CPU.ActiveCfg = Debug|Any CPU
		{5C6F30DD-9231-4B0A-A4A2-99F649212F58}.Debug|Any CPU.Build.0 = Debug|Any CPU
		{5C6F30DD-9231-4B0A-A4A2-99F649212F58}.Release|Any CPU.ActiveCfg = Release|Any CPU
		{5C6F30DD-9231-4B0A-A4A2-99F649212F58}.Release|Any CPU.Build.0 = Release|Any CPU
		{2EB8ED96-1691-4A83-8DD5-953284F19E5D}.Debug|Any CPU.ActiveCfg = Debug|Any CPU
		{2EB8ED96-1691-4A83-8DD5-953284F19E5D}.Debug|Any CPU.Build.0 = Debug|Any CPU
		{2EB8ED96-1691-4A83-8DD5-953284F19E5D}.Release|Any CPU.ActiveCfg = Release|Any CPU
		{2EB8ED96-1691-4A83-8DD5-953284F19E5D}.Release|Any CPU.Build.0 = Release|Any CPU
		{8094F4C0-1723-4F30-90D0-92648A1B5A16}.Debug|Any CPU.ActiveCfg = Debug|Any CPU
		{8094F4C0-1723-4F30-90D0-92648A1B5A16}.Debug|Any CPU.Build.0 = Debug|Any CPU
		{8094F4C0-1723-4F30-90D0-92648A1B5A16}.Release|Any CPU.ActiveCfg = Release|Any CPU
		{8094F4C0-1723-4F30-90D0-92648A1B5A16}.Release|Any CPU.Build.0 = Release|Any CPU
		{9A6865C8-37B4-4B37-BBFD-D9057ECF437F}.Debug|Any CPU.ActiveCfg = Debug|Any CPU
		{9A6865C8-37B4-4B37-BBFD-D9057ECF437F}.Debug|Any CPU.Build.0 = Debug|Any CPU
		{9A6865C8-37B4-4B37-BBFD-D9057ECF437F}.Release|Any CPU.ActiveCfg = Release|Any CPU
		{9A6865C8-37B4-4B37-BBFD-D9057ECF437F}.Release|Any CPU.Build.0 = Release|Any CPU
		{82FAEB5C-CBB7-4F6B-922E-0822722AA66E}.Debug|Any CPU.ActiveCfg = Debug|Any CPU
		{82FAEB5C-CBB7-4F6B-922E-0822722AA66E}.Debug|Any CPU.Build.0 = Debug|Any CPU
		{82FAEB5C-CBB7-4F6B-922E-0822722AA66E}.Release|Any CPU.ActiveCfg = Release|Any CPU
		{82FAEB5C-CBB7-4F6B-922E-0822722AA66E}.Release|Any CPU.Build.0 = Release|Any CPU
	EndGlobalSection
	GlobalSection(SolutionProperties) = preSolution
		HideSolutionNode = FALSE
	EndGlobalSection
	GlobalSection(NestedProjects) = preSolution
		{953DFCC4-6AE5-464A-B562-96FE88801C3E} = {26841FA8-250C-45D7-A2D9-54390772D2F5}
		{A054C4DD-AD42-4EC3-941F-BE20BFE2A163} = {26841FA8-250C-45D7-A2D9-54390772D2F5}
		{EEAE02CD-F9E1-4846-B022-DB7F5F59D57E} = {26841FA8-250C-45D7-A2D9-54390772D2F5}
		{C0F36439-83F1-4678-BE50-B1A0C120D7DE} = {26841FA8-250C-45D7-A2D9-54390772D2F5}
		{A7110D0E-5F50-4214-9926-BA718EC9A6E7} = {26841FA8-250C-45D7-A2D9-54390772D2F5}
		{1C071255-C64F-4101-BF2A-0A662F90B603} = {26841FA8-250C-45D7-A2D9-54390772D2F5}
		{A6776C3F-729D-4CE7-B9A1-208A5580A65E} = {26841FA8-250C-45D7-A2D9-54390772D2F5}
		{2B92DAB5-44CB-4650-AADB-A3D2D41D8E03} = {26841FA8-250C-45D7-A2D9-54390772D2F5}
		{57612FCF-193A-4F19-9CF1-A465C15A609C} = {26841FA8-250C-45D7-A2D9-54390772D2F5}
		{5CF76057-D8A7-4217-A053-4BEFB392C5B7} = {26841FA8-250C-45D7-A2D9-54390772D2F5}
		{88E79217-4A95-4877-BA29-AF8F399221E3} = {26841FA8-250C-45D7-A2D9-54390772D2F5}
		{03865037-7362-462E-B23A-363BD727BD0B} = {26841FA8-250C-45D7-A2D9-54390772D2F5}
		{5C6F30DD-9231-4B0A-A4A2-99F649212F58} = {26841FA8-250C-45D7-A2D9-54390772D2F5}
		{2EB8ED96-1691-4A83-8DD5-953284F19E5D} = {26841FA8-250C-45D7-A2D9-54390772D2F5}
		{8094F4C0-1723-4F30-90D0-92648A1B5A16} = {26841FA8-250C-45D7-A2D9-54390772D2F5}
		{9A6865C8-37B4-4B37-BBFD-D9057ECF437F} = {26841FA8-250C-45D7-A2D9-54390772D2F5}
		{82FAEB5C-CBB7-4F6B-922E-0822722AA66E} = {26841FA8-250C-45D7-A2D9-54390772D2F5}
	EndGlobalSection
	GlobalSection(ExtensibilityGlobals) = postSolution
		SolutionGuid = {9870737F-941A-451C-A154-43884B09A772}
	EndGlobalSection
EndGlobal
